hash: b3727e3c55dd4f4594d1046b0920375f738c20979ca615b5cf7eb16b6c084e4a
updated: 2017-06-16T01:06:17.624756337+01:00
imports:
- name: github.com/dropbox/dropbox-sdk-go-unofficial
  version: 21d81f3c4a9d33065ad6a549ab7997aeda647403
  subpackages:
  - dropbox
  - dropbox/async
  - dropbox/files
  - dropbox/properties
- name: github.com/golang/protobuf
  version: e325f446bebc2998605911c0a2650d9920361d4a
  subpackages:
  - proto
- name: golang.org/x/net
  version: ddf80d0970594e2e4cccf5a98861cad3d9eaa4cd
  subpackages:
  - context
- name: golang.org/x/oauth2
  version: f047394b6d14284165300fd82dad67edb3a4d7f6
  subpackages:
  - internal
- name: google.golang.org/appengine
  version: a2f4131514e563cedfdb6e7d267df9ad48591e93
  subpackages:
  - internal
  - internal/base
  - internal/datastore
  - internal/log
  - internal/remote_api
  - internal/urlfetch
  - urlfetch
testImports: []
